
Microsoft Visual Studio Solution File, Format Version 12.00
# Visual Studio Version 16
VisualStudioVersion = 16.0.32228.343
MinimumVisualStudioVersion = 10.0.40219.1
Project("{9A19103F-16F7-4668-BE54-9A1E7A4F7556}") = "TrackerLibrary", "TrackerLibrary\TrackerLibrary.csproj", "{C2E17D33-90C0-4E48-9E40-ED9D409C86B1}"
EndProject
Project("{FAE04EC0-301F-11D3-BF4B-00C04F79EFBC}") = "TrackerUI", "TrackerUI\TrackerUI.csproj", "{BC8F0560-C7DC-43C3-9D7B-276A9E29288D}"
EndProject
Global
	GlobalSection(SolutionConfigurationPlatforms) = preSolution
		Debug|Any CPU = Debug|Any CPU
		Release|Any CPU = Release|Any CPU
	EndGlobalSection
	GlobalSection(ProjectConfigurationPlatforms) = postSolution
		{C2E17D33-90C0-4E48-9E40-ED9D409C86B1}.Debug|Any CPU.ActiveCfg = Debug|Any CPU
		{C2E17D33-90C0-4E48-9E40-ED9D409C86B1}.Debug|Any CPU.Build.0 = Debug|Any CPU
		{C2E17D33-90C0-4E48-9E40-ED9D409C86B1}.Release|Any CPU.ActiveCfg = Release|Any CPU
		{C2E17D33-90C0-4E48-9E40-ED9D409C86B1}.Release|Any CPU.Build.0 = Release|Any CPU
		{BC8F0560-C7DC-43C3-9D7B-276A9E29288D}.Debug|Any CPU.ActiveCfg = Debug|Any CPU
		{BC8F0560-C7DC-43C3-9D7B-276A9E29288D}.Debug|Any CPU.Build.0 = Debug|Any CPU
		{BC8F0560-C7DC-43C3-9D7B-276A9E29288D}.Release|Any CPU.ActiveCfg = Release|Any CPU
		{BC8F0560-C7DC-43C3-9D7B-276A9E29288D}.Release|Any CPU.Build.0 = Release|Any CPU
	EndGlobalSection
	GlobalSection(SolutionProperties) = preSolution
		HideSolutionNode = FALSE
	EndGlobalSection
	GlobalSection(ExtensibilityGlobals) = postSolution
		SolutionGuid = {570FC842-CBF3-45E1-ADB9-B9172DB7DA5E}
	EndGlobalSection
EndGlobal
